// !$*UTF8*$!
{
	archiveVersion = 1;
	classes = {
	};
	objectVersion = 46;
	objects = {

/* Begin PBXBuildFile section */
		500FB7B91EA4FFD9001C9DE9 /* AppDelegate.swift in Sources */ = {isa = PBXBuildFile; fileRef = 500FB7B81EA4FFD9001C9DE9 /* AppDelegate.swift */; };
		500FB7BB1EA4FFD9001C9DE9 /* ListViewController.swift in Sources */ = {isa = PBXBuildFile; fileRef = 500FB7BA1EA4FFD9001C9DE9 /* ListViewController.swift */; };
		500FB7BE1EA4FFD9001C9DE9 /* Main.storyboard in Resources */ = {isa = PBXBuildFile; fileRef = 500FB7BC1EA4FFD9001C9DE9 /* Main.storyboard */; };
		500FB7C01EA4FFD9001C9DE9 /* Assets.xcassets in Resources */ = {isa = PBXBuildFile; fileRef = 500FB7BF1EA4FFD9001C9DE9 /* Assets.xcassets */; };
		500FB7C31EA4FFD9001C9DE9 /* LaunchScreen.storyboard in Resources */ = {isa = PBXBuildFile; fileRef = 500FB7C11EA4FFD9001C9DE9 /* LaunchScreen.storyboard */; };
		500FB7CE1EA4FFDA001C9DE9 /* PboardTests.swift in Sources */ = {isa = PBXBuildFile; fileRef = 500FB7CD1EA4FFDA001C9DE9 /* PboardTests.swift */; };
		500FB7D91EA5094A001C9DE9 /* PasteboardStore.swift in Sources */ = {isa = PBXBuildFile; fileRef = 500FB7D81EA5094A001C9DE9 /* PasteboardStore.swift */; };
		500FB7DC1EA6367D001C9DE9 /* Eventitic.framework in Frameworks */ = {isa = PBXBuildFile; fileRef = 500FB7DB1EA6367D001C9DE9 /* Eventitic.framework */; };
		505D40701EA8EB5300A71A58 /* ValueViewController.swift in Sources */ = {isa = PBXBuildFile; fileRef = 505D406F1EA8EB5300A71A58 /* ValueViewController.swift */; };
		505D407D1EAA4C7E00A71A58 /* R+String.swift in Sources */ = {isa = PBXBuildFile; fileRef = 505D40781EAA4C7E00A71A58 /* R+String.swift */; };
		505D407E1EAA4C7E00A71A58 /* R.swift in Sources */ = {isa = PBXBuildFile; fileRef = 505D40791EAA4C7E00A71A58 /* R.swift */; };
		505D40801EAA4C7E00A71A58 /* Localizable.strings in Resources */ = {isa = PBXBuildFile; fileRef = 505D407C1EAA4C7E00A71A58 /* Localizable.strings */; };
		505D40821EAF94BB00A71A58 /* R+Id.swift in Sources */ = {isa = PBXBuildFile; fileRef = 505D40811EAF94BB00A71A58 /* R+Id.swift */; };
		50AE62EA1EBEAE69001D7264 /* PboardUITests.swift in Sources */ = {isa = PBXBuildFile; fileRef = 50AE62E91EBEAE69001D7264 /* PboardUITests.swift */; };
		50AE62F21EBEB3A6001D7264 /* SnapshotHelper.swift in Sources */ = {isa = PBXBuildFile; fileRef = 50AE62F11EBEB3A6001D7264 /* SnapshotHelper.swift */; };
		50AE62F41EBEF1CE001D7264 /* LovelyDog.jpg in Resources */ = {isa = PBXBuildFile; fileRef = 50AE62F31EBEF1CE001D7264 /* LovelyDog.jpg */; };
/* End PBXBuildFile section */

/* Begin PBXContainerItemProxy section */
		500FB7CA1EA4FFDA001C9DE9 /* PBXContainerItemProxy */ = {
			isa = PBXContainerItemProxy;
			containerPortal = 500FB7AD1EA4FFD9001C9DE9 /* Project object */;
			proxyType = 1;
			remoteGlobalIDString = 500FB7B41EA4FFD9001C9DE9;
			remoteInfo = Pboard;
		};
		50AE62EC1EBEAE69001D7264 /* PBXContainerItemProxy */ = {
			isa = PBXContainerItemProxy;
			containerPortal = 500FB7AD1EA4FFD9001C9DE9 /* Project object */;
			proxyType = 1;
			remoteGlobalIDString = 500FB7B41EA4FFD9001C9DE9;
			remoteInfo = Pboard;
		};
/* End PBXContainerItemProxy section */

/* Begin PBXFileReference section */
		500FB7B51EA4FFD9001C9DE9 /* Pb Buddy.app */ = {isa = PBXFileReference; explicitFileType = wrapper.application; includeInIndex = 0; path = "Pb Buddy.app"; sourceTree = BUILT_PRODUCTS_DIR; };
		500FB7B81EA4FFD9001C9DE9 /* AppDelegate.swift */ = {isa = PBXFileReference; lastKnownFileType = sourcecode.swift; path = AppDelegate.swift; sourceTree = "<group>"; };
		500FB7BA1EA4FFD9001C9DE9 /* ListViewController.swift */ = {isa = PBXFileReference; lastKnownFileType = sourcecode.swift; path = ListViewController.swift; sourceTree = "<group>"; };
		500FB7BD1EA4FFD9001C9DE9 /* Base */ = {isa = PBXFileReference; lastKnownFileType = file.storyboard; name = Base; path = Base.lproj/Main.storyboard; sourceTree = "<group>"; };
		500FB7BF1EA4FFD9001C9DE9 /* Assets.xcassets */ = {isa = PBXFileReference; lastKnownFileType = folder.assetcatalog; path = Assets.xcassets; sourceTree = "<group>"; };
		500FB7C21EA4FFD9001C9DE9 /* Base */ = {isa = PBXFileReference; lastKnownFileType = file.storyboard; name = Base; path = Base.lproj/LaunchScreen.storyboard; sourceTree = "<group>"; };
		500FB7C41EA4FFD9001C9DE9 /* Info.plist */ = {isa = PBXFileReference; lastKnownFileType = text.plist.xml; path = Info.plist; sourceTree = "<group>"; };
		500FB7C91EA4FFDA001C9DE9 /* PboardTests.xctest */ = {isa = PBXFileReference; explicitFileType = wrapper.cfbundle; includeInIndex = 0; path = PboardTests.xctest; sourceTree = BUILT_PRODUCTS_DIR; };
		500FB7CD1EA4FFDA001C9DE9 /* PboardTests.swift */ = {isa = PBXFileReference; lastKnownFileType = sourcecode.swift; path = PboardTests.swift; sourceTree = "<group>"; };
		500FB7CF1EA4FFDA001C9DE9 /* Info.plist */ = {isa = PBXFileReference; lastKnownFileType = text.plist.xml; path = Info.plist; sourceTree = "<group>"; };
		500FB7D81EA5094A001C9DE9 /* PasteboardStore.swift */ = {isa = PBXFileReference; fileEncoding = 4; lastKnownFileType = sourcecode.swift; path = PasteboardStore.swift; sourceTree = "<group>"; };
		500FB7DB1EA6367D001C9DE9 /* Eventitic.framework */ = {isa = PBXFileReference; lastKnownFileType = wrapper.framework; name = Eventitic.framework; path = Carthage/Build/iOS/Eventitic.framework; sourceTree = "<group>"; };
		505D406F1EA8EB5300A71A58 /* ValueViewController.swift */ = {isa = PBXFileReference; fileEncoding = 4; lastKnownFileType = sourcecode.swift; path = ValueViewController.swift; sourceTree = "<group>"; };
		505D40781EAA4C7E00A71A58 /* R+String.swift */ = {isa = PBXFileReference; fileEncoding = 4; lastKnownFileType = sourcecode.swift; path = "R+String.swift"; sourceTree = "<group>"; };
		505D40791EAA4C7E00A71A58 /* R.swift */ = {isa = PBXFileReference; fileEncoding = 4; lastKnownFileType = sourcecode.swift; path = R.swift; sourceTree = "<group>"; };
		505D407C1EAA4C7E00A71A58 /* Localizable.strings */ = {isa = PBXFileReference; fileEncoding = 4; lastKnownFileType = text.plist.strings; path = Localizable.strings; sourceTree = "<group>"; };
		505D40811EAF94BB00A71A58 /* R+Id.swift */ = {isa = PBXFileReference; fileEncoding = 4; lastKnownFileType = sourcecode.swift; path = "R+Id.swift"; sourceTree = "<group>"; };
		50AE62E71EBEAE69001D7264 /* PboardUITests.xctest */ = {isa = PBXFileReference; explicitFileType = wrapper.cfbundle; includeInIndex = 0; path = PboardUITests.xctest; sourceTree = BUILT_PRODUCTS_DIR; };
		50AE62E91EBEAE69001D7264 /* PboardUITests.swift */ = {isa = PBXFileReference; lastKnownFileType = sourcecode.swift; path = PboardUITests.swift; sourceTree = "<group>"; };
		50AE62EB1EBEAE69001D7264 /* Info.plist */ = {isa = PBXFileReference; lastKnownFileType = text.plist.xml; path = Info.plist; sourceTree = "<group>"; };
		50AE62F11EBEB3A6001D7264 /* SnapshotHelper.swift */ = {isa = PBXFileReference; fileEncoding = 4; lastKnownFileType = sourcecode.swift; name = SnapshotHelper.swift; path = fastlane/SnapshotHelper.swift; sourceTree = SOURCE_ROOT; };
		50AE62F31EBEF1CE001D7264 /* LovelyDog.jpg */ = {isa = PBXFileReference; lastKnownFileType = image.jpeg; name = LovelyDog.jpg; path = Artwork/LovelyDog.jpg; sourceTree = SOURCE_ROOT; };
/* End PBXFileReference section */

/* Begin PBXFrameworksBuildPhase section */
		500FB7B21EA4FFD9001C9DE9 /* Frameworks */ = {
			isa = PBXFrameworksBuildPhase;
			buildActionMask = 2147483647;
			files = (
				500FB7DC1EA6367D001C9DE9 /* Eventitic.framework in Frameworks */,
			);
			runOnlyForDeploymentPostprocessing = 0;
		};
		500FB7C61EA4FFDA001C9DE9 /* Frameworks */ = {
			isa = PBXFrameworksBuildPhase;
			buildActionMask = 2147483647;
			files = (
			);
			runOnlyForDeploymentPostprocessing = 0;
		};
		50AE62E41EBEAE69001D7264 /* Frameworks */ = {
			isa = PBXFrameworksBuildPhase;
			buildActionMask = 2147483647;
			files = (
			);
			runOnlyForDeploymentPostprocessing = 0;
		};
/* End PBXFrameworksBuildPhase section */

/* Begin PBXGroup section */
		500FB7AC1EA4FFD9001C9DE9 = {
			isa = PBXGroup;
			children = (
				500FB7B71EA4FFD9001C9DE9 /* Pboard */,
				500FB7CC1EA4FFDA001C9DE9 /* PboardTests */,
				50AE62E81EBEAE69001D7264 /* PboardUITests */,
				500FB7B61EA4FFD9001C9DE9 /* Products */,
				500FB7DA1EA6367D001C9DE9 /* Frameworks */,
			);
			sourceTree = "<group>";
		};
		500FB7B61EA4FFD9001C9DE9 /* Products */ = {
			isa = PBXGroup;
			children = (
				500FB7B51EA4FFD9001C9DE9 /* Pb Buddy.app */,
				500FB7C91EA4FFDA001C9DE9 /* PboardTests.xctest */,
				50AE62E71EBEAE69001D7264 /* PboardUITests.xctest */,
			);
			name = Products;
			sourceTree = "<group>";
		};
		500FB7B71EA4FFD9001C9DE9 /* Pboard */ = {
			isa = PBXGroup;
			children = (
				505D40711EAA4AB200A71A58 /* View */,
				505D40721EAA4ABA00A71A58 /* Model */,
				505D40771EAA4C7E00A71A58 /* Resource */,
				500FB7B81EA4FFD9001C9DE9 /* AppDelegate.swift */,
				500FB7BF1EA4FFD9001C9DE9 /* Assets.xcassets */,
				500FB7C11EA4FFD9001C9DE9 /* LaunchScreen.storyboard */,
				500FB7C41EA4FFD9001C9DE9 /* Info.plist */,
			);
			path = Pboard;
			sourceTree = "<group>";
		};
		500FB7CC1EA4FFDA001C9DE9 /* PboardTests */ = {
			isa = PBXGroup;
			children = (
				500FB7CD1EA4FFDA001C9DE9 /* PboardTests.swift */,
				500FB7CF1EA4FFDA001C9DE9 /* Info.plist */,
			);
			path = PboardTests;
			sourceTree = "<group>";
		};
		500FB7DA1EA6367D001C9DE9 /* Frameworks */ = {
			isa = PBXGroup;
			children = (
				500FB7DB1EA6367D001C9DE9 /* Eventitic.framework */,
			);
			name = Frameworks;
			sourceTree = "<group>";
		};
		505D40711EAA4AB200A71A58 /* View */ = {
			isa = PBXGroup;
			children = (
				505D40731EAA4B7200A71A58 /* Storyboard */,
				500FB7BA1EA4FFD9001C9DE9 /* ListViewController.swift */,
				505D406F1EA8EB5300A71A58 /* ValueViewController.swift */,
			);
			path = View;
			sourceTree = "<group>";
		};
		505D40721EAA4ABA00A71A58 /* Model */ = {
			isa = PBXGroup;
			children = (
				500FB7D81EA5094A001C9DE9 /* PasteboardStore.swift */,
			);
			path = Model;
			sourceTree = "<group>";
		};
		505D40731EAA4B7200A71A58 /* Storyboard */ = {
			isa = PBXGroup;
			children = (
				500FB7BC1EA4FFD9001C9DE9 /* Main.storyboard */,
			);
			path = Storyboard;
			sourceTree = "<group>";
		};
		505D40771EAA4C7E00A71A58 /* Resource */ = {
			isa = PBXGroup;
			children = (
				505D407B1EAA4C7E00A71A58 /* Strings */,
				505D40791EAA4C7E00A71A58 /* R.swift */,
				505D40811EAF94BB00A71A58 /* R+Id.swift */,
				505D40781EAA4C7E00A71A58 /* R+String.swift */,
			);
			path = Resource;
			sourceTree = "<group>";
		};
		505D407B1EAA4C7E00A71A58 /* Strings */ = {
			isa = PBXGroup;
			children = (
				505D407C1EAA4C7E00A71A58 /* Localizable.strings */,
			);
			path = Strings;
			sourceTree = "<group>";
		};
		50AE62E81EBEAE69001D7264 /* PboardUITests */ = {
			isa = PBXGroup;
			children = (
				50AE62E91EBEAE69001D7264 /* PboardUITests.swift */,
				50AE62F11EBEB3A6001D7264 /* SnapshotHelper.swift */,
				50AE62F31EBEF1CE001D7264 /* LovelyDog.jpg */,
				50AE62EB1EBEAE69001D7264 /* Info.plist */,
			);
			path = PboardUITests;
			sourceTree = "<group>";
		};
/* End PBXGroup section */

/* Begin PBXNativeTarget section */
		500FB7B41EA4FFD9001C9DE9 /* Pboard */ = {
			isa = PBXNativeTarget;
			buildConfigurationList = 500FB7D21EA4FFDA001C9DE9 /* Build configuration list for PBXNativeTarget "Pboard" */;
			buildPhases = (
				500FB7B11EA4FFD9001C9DE9 /* Sources */,
				500FB7B21EA4FFD9001C9DE9 /* Frameworks */,
				500FB7B31EA4FFD9001C9DE9 /* Resources */,
				500FB7DE1EA636AF001C9DE9 /* Copy Frameworks by Carthage */,
			);
			buildRules = (
			);
			dependencies = (
			);
			name = Pboard;
			productName = Pboard;
			productReference = 500FB7B51EA4FFD9001C9DE9 /* Pb Buddy.app */;
			productType = "com.apple.product-type.application";
		};
		500FB7C81EA4FFDA001C9DE9 /* PboardTests */ = {
			isa = PBXNativeTarget;
			buildConfigurationList = 500FB7D51EA4FFDA001C9DE9 /* Build configuration list for PBXNativeTarget "PboardTests" */;
			buildPhases = (
				500FB7C51EA4FFDA001C9DE9 /* Sources */,
				500FB7C61EA4FFDA001C9DE9 /* Frameworks */,
				500FB7C71EA4FFDA001C9DE9 /* Resources */,
			);
			buildRules = (
			);
			dependencies = (
				500FB7CB1EA4FFDA001C9DE9 /* PBXTargetDependency */,
			);
			name = PboardTests;
			productName = PboardTests;
			productReference = 500FB7C91EA4FFDA001C9DE9 /* PboardTests.xctest */;
			productType = "com.apple.product-type.bundle.unit-test";
		};
		50AE62E61EBEAE69001D7264 /* PboardUITests */ = {
			isa = PBXNativeTarget;
			buildConfigurationList = 50AE62F01EBEAE69001D7264 /* Build configuration list for PBXNativeTarget "PboardUITests" */;
			buildPhases = (
				50AE62E31EBEAE69001D7264 /* Sources */,
				50AE62E41EBEAE69001D7264 /* Frameworks */,
				50AE62E51EBEAE69001D7264 /* Resources */,
			);
			buildRules = (
			);
			dependencies = (
				50AE62ED1EBEAE69001D7264 /* PBXTargetDependency */,
			);
			name = PboardUITests;
			productName = PboardUITests;
			productReference = 50AE62E71EBEAE69001D7264 /* PboardUITests.xctest */;
			productType = "com.apple.product-type.bundle.ui-testing";
		};
/* End PBXNativeTarget section */

/* Begin PBXProject section */
		500FB7AD1EA4FFD9001C9DE9 /* Project object */ = {
			isa = PBXProject;
			attributes = {
				LastSwiftUpdateCheck = 0830;
				LastUpgradeCheck = 0830;
				ORGANIZATIONNAME = Hironytic;
				TargetAttributes = {
					500FB7B41EA4FFD9001C9DE9 = {
						CreatedOnToolsVersion = 8.3.1;
						DevelopmentTeam = EPZSBGGQZS;
						ProvisioningStyle = Automatic;
					};
					500FB7C81EA4FFDA001C9DE9 = {
						CreatedOnToolsVersion = 8.3.1;
						DevelopmentTeam = EPZSBGGQZS;
						ProvisioningStyle = Automatic;
						TestTargetID = 500FB7B41EA4FFD9001C9DE9;
					};
					50AE62E61EBEAE69001D7264 = {
						CreatedOnToolsVersion = 8.3.2;
						DevelopmentTeam = EPZSBGGQZS;
						ProvisioningStyle = Automatic;
						TestTargetID = 500FB7B41EA4FFD9001C9DE9;
					};
				};
			};
			buildConfigurationList = 500FB7B01EA4FFD9001C9DE9 /* Build configuration list for PBXProject "Pboard" */;
			compatibilityVersion = "Xcode 3.2";
			developmentRegion = English;
			hasScannedForEncodings = 0;
			knownRegions = (
				en,
				Base,
			);
			mainGroup = 500FB7AC1EA4FFD9001C9DE9;
			productRefGroup = 500FB7B61EA4FFD9001C9DE9 /* Products */;
			projectDirPath = "";
			projectRoot = "";
			targets = (
				500FB7B41EA4FFD9001C9DE9 /* Pboard */,
				500FB7C81EA4FFDA001C9DE9 /* PboardTests */,
				50AE62E61EBEAE69001D7264 /* PboardUITests */,
			);
		};
/* End PBXProject section */

/* Begin PBXResourcesBuildPhase section */
		500FB7B31EA4FFD9001C9DE9 /* Resources */ = {
			isa = PBXResourcesBuildPhase;
			buildActionMask = 2147483647;
			files = (
				500FB7C31EA4FFD9001C9DE9 /* LaunchScreen.storyboard in Resources */,
				505D40801EAA4C7E00A71A58 /* Localizable.strings in Resources */,
				500FB7C01EA4FFD9001C9DE9 /* Assets.xcassets in Resources */,
				500FB7BE1EA4FFD9001C9DE9 /* Main.storyboard in Resources */,
			);
			runOnlyForDeploymentPostprocessing = 0;
		};
		500FB7C71EA4FFDA001C9DE9 /* Resources */ = {
			isa = PBXResourcesBuildPhase;
			buildActionMask = 2147483647;
			files = (
			);
			runOnlyForDeploymentPostprocessing = 0;
		};
		50AE62E51EBEAE69001D7264 /* Resources */ = {
			isa = PBXResourcesBuildPhase;
			buildActionMask = 2147483647;
			files = (
				50AE62F41EBEF1CE001D7264 /* LovelyDog.jpg in Resources */,
			);
			runOnlyForDeploymentPostprocessing = 0;
		};
/* End PBXResourcesBuildPhase section */

/* Begin PBXShellScriptBuildPhase section */
		500FB7DE1EA636AF001C9DE9 /* Copy Frameworks by Carthage */ = {
			isa = PBXShellScriptBuildPhase;
			buildActionMask = 2147483647;
			files = (
			);
			inputPaths = (
				"$(SRCROOT)/Carthage/Build/iOS/Eventitic.framework",
			);
			name = "Copy Frameworks by Carthage";
			outputPaths = (
			);
			runOnlyForDeploymentPostprocessing = 0;
			shellPath = /bin/sh;
			shellScript = "/usr/local/bin/carthage copy-frameworks";
		};
/* End PBXShellScriptBuildPhase section */

/* Begin PBXSourcesBuildPhase section */
		500FB7B11EA4FFD9001C9DE9 /* Sources */ = {
			isa = PBXSourcesBuildPhase;
			buildActionMask = 2147483647;
			files = (
				505D407E1EAA4C7E00A71A58 /* R.swift in Sources */,
				500FB7BB1EA4FFD9001C9DE9 /* ListViewController.swift in Sources */,
				505D40701EA8EB5300A71A58 /* ValueViewController.swift in Sources */,
				500FB7B91EA4FFD9001C9DE9 /* AppDelegate.swift in Sources */,
				505D407D1EAA4C7E00A71A58 /* R+String.swift in Sources */,
				500FB7D91EA5094A001C9DE9 /* PasteboardStore.swift in Sources */,
				505D40821EAF94BB00A71A58 /* R+Id.swift in Sources */,
			);
			runOnlyForDeploymentPostprocessing = 0;
		};
		500FB7C51EA4FFDA001C9DE9 /* Sources */ = {
			isa = PBXSourcesBuildPhase;
			buildActionMask = 2147483647;
			files = (
				500FB7CE1EA4FFDA001C9DE9 /* PboardTests.swift in Sources */,
			);
			runOnlyForDeploymentPostprocessing = 0;
		};
		50AE62E31EBEAE69001D7264 /* Sources */ = {
			isa = PBXSourcesBuildPhase;
			buildActionMask = 2147483647;
			files = (
				50AE62EA1EBEAE69001D7264 /* PboardUITests.swift in Sources */,
				50AE62F21EBEB3A6001D7264 /* SnapshotHelper.swift in Sources */,
			);
			runOnlyForDeploymentPostprocessing = 0;
		};
/* End PBXSourcesBuildPhase section */

/* Begin PBXTargetDependency section */
		500FB7CB1EA4FFDA001C9DE9 /* PBXTargetDependency */ = {
			isa = PBXTargetDependency;
			target = 500FB7B41EA4FFD9001C9DE9 /* Pboard */;
			targetProxy = 500FB7CA1EA4FFDA001C9DE9 /* PBXContainerItemProxy */;
		};
		50AE62ED1EBEAE69001D7264 /* PBXTargetDependency */ = {
			isa = PBXTargetDependency;
			target = 500FB7B41EA4FFD9001C9DE9 /* Pboard */;
			targetProxy = 50AE62EC1EBEAE69001D7264 /* PBXContainerItemProxy */;
		};
/* End PBXTargetDependency section */

/* Begin PBXVariantGroup section */
		500FB7BC1EA4FFD9001C9DE9 /* Main.storyboard */ = {
			isa = PBXVariantGroup;
			children = (
				500FB7BD1EA4FFD9001C9DE9 /* Base */,
			);
			name = Main.storyboard;
			sourceTree = "<group>";
		};
		500FB7C11EA4FFD9001C9DE9 /* LaunchScreen.storyboard */ = {
			isa = PBXVariantGroup;
			children = (
				500FB7C21EA4FFD9001C9DE9 /* Base */,
			);
			name = LaunchScreen.storyboard;
			sourceTree = "<group>";
		};
/* End PBXVariantGroup section */

/* Begin XCBuildConfiguration section */
		500FB7D01EA4FFDA001C9DE9 /* Debug */ = {
			isa = XCBuildConfiguration;
			buildSettings = {
				ALWAYS_SEARCH_USER_PATHS = NO;
				CLANG_ANALYZER_NONNULL = YES;
				CLANG_ANALYZER_NUMBER_OBJECT_CONVERSION = YES_AGGRESSIVE;
				CLANG_CXX_LANGUAGE_STANDARD = "gnu++0x";
				CLANG_CXX_LIBRARY = "libc++";
				CLANG_ENABLE_MODULES = YES;
				CLANG_ENABLE_OBJC_ARC = YES;
				CLANG_WARN_BOOL_CONVERSION = YES;
				CLANG_WARN_CONSTANT_CONVERSION = YES;
				CLANG_WARN_DIRECT_OBJC_ISA_USAGE = YES_ERROR;
				CLANG_WARN_DOCUMENTATION_COMMENTS = YES;
				CLANG_WARN_EMPTY_BODY = YES;
				CLANG_WARN_ENUM_CONVERSION = YES;
				CLANG_WARN_INFINITE_RECURSION = YES;
				CLANG_WARN_INT_CONVERSION = YES;
				CLANG_WARN_OBJC_ROOT_CLASS = YES_ERROR;
				CLANG_WARN_SUSPICIOUS_MOVE = YES;
				CLANG_WARN_UNREACHABLE_CODE = YES;
				CLANG_WARN__DUPLICATE_METHOD_MATCH = YES;
				"CODE_SIGN_IDENTITY[sdk=iphoneos*]" = "iPhone Developer";
				COPY_PHASE_STRIP = NO;
				DEBUG_INFORMATION_FORMAT = dwarf;
				ENABLE_STRICT_OBJC_MSGSEND = YES;
				ENABLE_TESTABILITY = YES;
				GCC_C_LANGUAGE_STANDARD = gnu99;
				GCC_DYNAMIC_NO_PIC = NO;
				GCC_NO_COMMON_BLOCKS = YES;
				GCC_OPTIMIZATION_LEVEL = 0;
				GCC_PREPROCESSOR_DEFINITIONS = (
					"DEBUG=1",
					"$(inherited)",
				);
				GCC_WARN_64_TO_32_BIT_CONVERSION = YES;
				GCC_WARN_ABOUT_RETURN_TYPE = YES_ERROR;
				GCC_WARN_UNDECLARED_SELECTOR = YES;
				GCC_WARN_UNINITIALIZED_AUTOS = YES_AGGRESSIVE;
				GCC_WARN_UNUSED_FUNCTION = YES;
				GCC_WARN_UNUSED_VARIABLE = YES;
				IPHONEOS_DEPLOYMENT_TARGET = 10.3;
				MTL_ENABLE_DEBUG_INFO = YES;
				ONLY_ACTIVE_ARCH = YES;
				SDKROOT = iphoneos;
				SWIFT_ACTIVE_COMPILATION_CONDITIONS = DEBUG;
				SWIFT_OPTIMIZATION_LEVEL = "-Onone";
				TARGETED_DEVICE_FAMILY = "1,2";
			};
			name = Debug;
		};
		500FB7D11EA4FFDA001C9DE9 /* Release */ = {
			isa = XCBuildConfiguration;
			buildSettings = {
				ALWAYS_SEARCH_USER_PATHS = NO;
				CLANG_ANALYZER_NONNULL = YES;
				CLANG_ANALYZER_NUMBER_OBJECT_CONVERSION = YES_AGGRESSIVE;
				CLANG_CXX_LANGUAGE_STANDARD = "gnu++0x";
				CLANG_CXX_LIBRARY = "libc++";
				CLANG_ENABLE_MODULES = YES;
				CLANG_ENABLE_OBJC_ARC = YES;
				CLANG_WARN_BOOL_CONVERSION = YES;
				CLANG_WARN_CONSTANT_CONVERSION = YES;
				CLANG_WARN_DIRECT_OBJC_ISA_USAGE = YES_ERROR;
				CLANG_WARN_DOCUMENTATION_COMMENTS = YES;
				CLANG_WARN_EMPTY_BODY = YES;
				CLANG_WARN_ENUM_CONVERSION = YES;
				CLANG_WARN_INFINITE_RECURSION = YES;
				CLANG_WARN_INT_CONVERSION = YES;
				CLANG_WARN_OBJC_ROOT_CLASS = YES_ERROR;
				CLANG_WARN_SUSPICIOUS_MOVE = YES;
				CLANG_WARN_UNREACHABLE_CODE = YES;
				CLANG_WARN__DUPLICATE_METHOD_MATCH = YES;
				"CODE_SIGN_IDENTITY[sdk=iphoneos*]" = "iPhone Developer";
				COPY_PHASE_STRIP = NO;
				DEBUG_INFORMATION_FORMAT = "dwarf-with-dsym";
				ENABLE_NS_ASSERTIONS = NO;
				ENABLE_STRICT_OBJC_MSGSEND = YES;
				GCC_C_LANGUAGE_STANDARD = gnu99;
				GCC_NO_COMMON_BLOCKS = YES;
				GCC_WARN_64_TO_32_BIT_CONVERSION = YES;
				GCC_WARN_ABOUT_RETURN_TYPE = YES_ERROR;
				GCC_WARN_UNDECLARED_SELECTOR = YES;
				GCC_WARN_UNINITIALIZED_AUTOS = YES_AGGRESSIVE;
				GCC_WARN_UNUSED_FUNCTION = YES;
				GCC_WARN_UNUSED_VARIABLE = YES;
				IPHONEOS_DEPLOYMENT_TARGET = 10.3;
				MTL_ENABLE_DEBUG_INFO = NO;
				SDKROOT = iphoneos;
				SWIFT_OPTIMIZATION_LEVEL = "-Owholemodule";
				TARGETED_DEVICE_FAMILY = "1,2";
				VALIDATE_PRODUCT = YES;
			};
			name = Release;
		};
		500FB7D31EA4FFDA001C9DE9 /* Debug */ = {
			isa = XCBuildConfiguration;
			buildSettings = {
				ASSETCATALOG_COMPILER_APPICON_NAME = AppIcon;
				"CODE_SIGN_IDENTITY[sdk=iphoneos*]" = "iPhone Developer";
				DEVELOPMENT_TEAM = EPZSBGGQZS;
				FRAMEWORK_SEARCH_PATHS = (
					"$(inherited)",
					"$(PROJECT_DIR)/Carthage/Build/iOS",
				);
				INFOPLIST_FILE = Pboard/Info.plist;
				IPHONEOS_DEPLOYMENT_TARGET = 9.3;
				LD_RUNPATH_SEARCH_PATHS = "$(inherited) @executable_path/Frameworks";
				PRODUCT_BUNDLE_IDENTIFIER = com.hironytic.Pboard;
				PRODUCT_MODULE_NAME = Pboard;
				PRODUCT_NAME = "Pb Buddy";
				PROVISIONING_PROFILE_SPECIFIER = "";
				SWIFT_VERSION = 3.0;
			};
			name = Debug;
		};
		500FB7D41EA4FFDA001C9DE9 /* Release */ = {
			isa = XCBuildConfiguration;
			buildSettings = {
				ASSETCATALOG_COMPILER_APPICON_NAME = AppIcon;
				"CODE_SIGN_IDENTITY[sdk=iphoneos*]" = "iPhone Developer";
				DEVELOPMENT_TEAM = EPZSBGGQZS;
				FRAMEWORK_SEARCH_PATHS = (
					"$(inherited)",
					"$(PROJECT_DIR)/Carthage/Build/iOS",
				);
				INFOPLIST_FILE = Pboard/Info.plist;
				IPHONEOS_DEPLOYMENT_TARGET = 9.3;
				LD_RUNPATH_SEARCH_PATHS = "$(inherited) @executable_path/Frameworks";
				PRODUCT_BUNDLE_IDENTIFIER = com.hironytic.Pboard;
				PRODUCT_MODULE_NAME = Pboard;
				PRODUCT_NAME = "Pb Buddy";
				PROVISIONING_PROFILE_SPECIFIER = "";
				SWIFT_VERSION = 3.0;
			};
			name = Release;
		};
		500FB7D61EA4FFDA001C9DE9 /* Debug */ = {
			isa = XCBuildConfiguration;
			buildSettings = {
				ALWAYS_EMBED_SWIFT_STANDARD_LIBRARIES = YES;
				BUNDLE_LOADER = "$(TEST_HOST)";
				DEVELOPMENT_TEAM = EPZSBGGQZS;
				INFOPLIST_FILE = PboardTests/Info.plist;
				LD_RUNPATH_SEARCH_PATHS = "$(inherited) @executable_path/Frameworks @loader_path/Frameworks";
				PRODUCT_BUNDLE_IDENTIFIER = com.hironytic.PboardTests;
				PRODUCT_NAME = "$(TARGET_NAME)";
				SWIFT_VERSION = 3.0;
				TEST_HOST = "$(BUILT_PRODUCTS_DIR)/Pb Buddy.app/Pb Buddy";
			};
			name = Debug;
		};
		500FB7D71EA4FFDA001C9DE9 /* Release */ = {
			isa = XCBuildConfiguration;
			buildSettings = {
				ALWAYS_EMBED_SWIFT_STANDARD_LIBRARIES = YES;
				BUNDLE_LOADER = "$(TEST_HOST)";
				DEVELOPMENT_TEAM = EPZSBGGQZS;
				INFOPLIST_FILE = PboardTests/Info.plist;
				LD_RUNPATH_SEARCH_PATHS = "$(inherited) @executable_path/Frameworks @loader_path/Frameworks";
				PRODUCT_BUNDLE_IDENTIFIER = com.hironytic.PboardTests;
				PRODUCT_NAME = "$(TARGET_NAME)";
				SWIFT_VERSION = 3.0;
				TEST_HOST = "$(BUILT_PRODUCTS_DIR)/Pb Buddy.app/Pb Buddy";
			};
			name = Release;
		};
		50AE62EE1EBEAE69001D7264 /* Debug */ = {
			isa = XCBuildConfiguration;
			buildSettings = {
				DEVELOPMENT_TEAM = EPZSBGGQZS;
				INFOPLIST_FILE = PboardUITests/Info.plist;
				LD_RUNPATH_SEARCH_PATHS = "$(inherited) @executable_path/Frameworks @loader_path/Frameworks";
				PRODUCT_BUNDLE_IDENTIFIER = com.hironytic.PboardUITests;
				PRODUCT_NAME = "$(TARGET_NAME)";
				SWIFT_VERSION = 3.0;
				TEST_TARGET_NAME = Pboard;
			};
			name = Debug;
		};
		50AE62EF1EBEAE69001D7264 /* Release */ = {
			isa = XCBuildConfiguration;
			buildSettings = {
				DEVELOPMENT_TEAM = EPZSBGGQZS;
				INFOPLIST_FILE = PboardUITests/Info.plist;
				LD_RUNPATH_SEARCH_PATHS = "$(inherited) @executable_path/Frameworks @loader_path/Frameworks";
				PRODUCT_BUNDLE_IDENTIFIER = com.hironytic.PboardUITests;
				PRODUCT_NAME = "$(TARGET_NAME)";
				SWIFT_VERSION = 3.0;
				TEST_TARGET_NAME = Pboard;
			};
			name = Release;
		};
/* End XCBuildConfiguration section */

/* Begin XCConfigurationList section */
		500FB7B01EA4FFD9001C9DE9 /* Build configuration list for PBXProject "Pboard" */ = {
			isa = XCConfigurationList;
			buildConfigurations = (
				500FB7D01EA4FFDA001C9DE9 /* Debug */,
				500FB7D11EA4FFDA001C9DE9 /* Release */,
			);
			defaultConfigurationIsVisible = 0;
			defaultConfigurationName = Release;
		};
		500FB7D21EA4FFDA001C9DE9 /* Build configuration list for PBXNativeTarget "Pboard" */ = {
			isa = XCConfigurationList;
			buildConfigurations = (
				500FB7D31EA4FFDA001C9DE9 /* Debug */,
				500FB7D41EA4FFDA001C9DE9 /* Release */,
			);
			defaultConfigurationIsVisible = 0;
			defaultConfigurationName = Release;
		};
		500FB7D51EA4FFDA001C9DE9 /* Build configuration list for PBXNativeTarget "PboardTests" */ = {
			isa = XCConfigurationList;
			buildConfigurations = (
				500FB7D61EA4FFDA001C9DE9 /* Debug */,
				500FB7D71EA4FFDA001C9DE9 /* Release */,
			);
			defaultConfigurationIsVisible = 0;
			defaultConfigurationName = Release;
		};
		50AE62F01EBEAE69001D7264 /* Build configuration list for PBXNativeTarget "PboardUITests" */ = {
			isa = XCConfigurationList;
			buildConfigurations = (
				50AE62EE1EBEAE69001D7264 /* Debug */,
				50AE62EF1EBEAE69001D7264 /* Release */,
			);
			defaultConfigurationIsVisible = 0;
			defaultConfigurationName = Release;
		};
/* End XCConfigurationList section */
	};
	rootObject = 500FB7AD1EA4FFD9001C9DE9 /* Project object */;
}
